
Microsoft Visual Studio Solution File, Format Version 12.00
# Visual Studio 2012
Project("{FAE04EC0-301F-11D3-BF4B-00C04F79EFBC}") = "SelfHost", "SelfHost\SelfHost.csproj", "{B892F6D4-58E1-4133-8587-0A2CD0335E3F}"
EndProject
Project("{FAE04EC0-301F-11D3-BF4B-00C04F79EFBC}") = "Get_Metadata_http_client", "Get_Metadata_client\Get_Metadata_http_client.csproj", "{EA6BAFDC-A924-487A-B6D8-8309D648F01E}"
EndProject
Project("{FAE04EC0-301F-11D3-BF4B-00C04F79EFBC}") = "SelfHost_ClassLibrary", "SelfHost_ClassLibrary\SelfHost_ClassLibrary.csproj", "{C70A60B0-EAC0-4B13-9431-F939A3A12825}"
EndProject
Project("{FAE04EC0-301F-11D3-BF4B-00C04F79EFBC}") = "Client_using_Add_Service_Reference", "Client_using_Add_Service_Reference\Client_using_Add_Service_Reference.csproj", "{653C6F3A-8881-4795-9AFB-B448A5313928}"
EndProject
Project("{FAE04EC0-301F-11D3-BF4B-00C04F79EFBC}") = "Client_using_svcutil", "Client_using_svcutil\Client_using_svcutil.csproj", "{17D239AA-88BC-419F-81A9-071C1426531F}"
EndProject
Project("{FAE04EC0-301F-11D3-BF4B-00C04F79EFBC}") = "Client_using_ClientBase", "Client_using_ClientBase\Client_using_ClientBase.csproj", "{EE05FD2D-CD4C-4AD5-83C4-53AC5E1C3CC3}"
EndProject
Project("{FAE04EC0-301F-11D3-BF4B-00C04F79EFBC}") = "client_using_ChannelFactory", "client_using_ChannelFactory\client_using_ChannelFactory.csproj", "{1FCA0A9B-191B-4B55-8A3A-E2571C2B49FF}"
EndProject
Global
	GlobalSection(SolutionConfigurationPlatforms) = preSolution
		Debug|Any CPU = Debug|Any CPU
		Release|Any CPU = Release|Any CPU
	EndGlobalSection
	GlobalSection(ProjectConfigurationPlatforms) = postSolution
		{B892F6D4-58E1-4133-8587-0A2CD0335E3F}.Debug|Any CPU.ActiveCfg = Debug|Any CPU
		{B892F6D4-58E1-4133-8587-0A2CD0335E3F}.Debug|Any CPU.Build.0 = Debug|Any CPU
		{B892F6D4-58E1-4133-8587-0A2CD0335E3F}.Release|Any CPU.ActiveCfg = Release|Any CPU
		{B892F6D4-58E1-4133-8587-0A2CD0335E3F}.Release|Any CPU.Build.0 = Release|Any CPU
		{EA6BAFDC-A924-487A-B6D8-8309D648F01E}.Debug|Any CPU.ActiveCfg = Debug|Any CPU
		{EA6BAFDC-A924-487A-B6D8-8309D648F01E}.Debug|Any CPU.Build.0 = Debug|Any CPU
		{EA6BAFDC-A924-487A-B6D8-8309D648F01E}.Release|Any CPU.ActiveCfg = Release|Any CPU
		{EA6BAFDC-A924-487A-B6D8-8309D648F01E}.Release|Any CPU.Build.0 = Release|Any CPU
		{C70A60B0-EAC0-4B13-9431-F939A3A12825}.Debug|Any CPU.ActiveCfg = Debug|Any CPU
		{C70A60B0-EAC0-4B13-9431-F939A3A12825}.Debug|Any CPU.Build.0 = Debug|Any CPU
		{C70A60B0-EAC0-4B13-9431-F939A3A12825}.Release|Any CPU.ActiveCfg = Release|Any CPU
		{C70A60B0-EAC0-4B13-9431-F939A3A12825}.Release|Any CPU.Build.0 = Release|Any CPU
		{653C6F3A-8881-4795-9AFB-B448A5313928}.Debug|Any CPU.ActiveCfg = Debug|Any CPU
		{653C6F3A-8881-4795-9AFB-B448A5313928}.Debug|Any CPU.Build.0 = Debug|Any CPU
		{653C6F3A-8881-4795-9AFB-B448A5313928}.Release|Any CPU.ActiveCfg = Release|Any CPU
		{653C6F3A-8881-4795-9AFB-B448A5313928}.Release|Any CPU.Build.0 = Release|Any CPU
		{17D239AA-88BC-419F-81A9-071C1426531F}.Debug|Any CPU.ActiveCfg = Debug|Any CPU
		{17D239AA-88BC-419F-81A9-071C1426531F}.Debug|Any CPU.Build.0 = Debug|Any CPU
		{17D239AA-88BC-419F-81A9-071C1426531F}.Release|Any CPU.ActiveCfg = Release|Any CPU
		{17D239AA-88BC-419F-81A9-071C1426531F}.Release|Any CPU.Build.0 = Release|Any CPU
		{EE05FD2D-CD4C-4AD5-83C4-53AC5E1C3CC3}.Debug|Any CPU.ActiveCfg = Debug|Any CPU
		{EE05FD2D-CD4C-4AD5-83C4-53AC5E1C3CC3}.Debug|Any CPU.Build.0 = Debug|Any CPU
		{EE05FD2D-CD4C-4AD5-83C4-53AC5E1C3CC3}.Release|Any CPU.ActiveCfg = Release|Any CPU
		{EE05FD2D-CD4C-4AD5-83C4-53AC5E1C3CC3}.Release|Any CPU.Build.0 = Release|Any CPU
		{1FCA0A9B-191B-4B55-8A3A-E2571C2B49FF}.Debug|Any CPU.ActiveCfg = Debug|Any CPU
		{1FCA0A9B-191B-4B55-8A3A-E2571C2B49FF}.Debug|Any CPU.Build.0 = Debug|Any CPU
		{1FCA0A9B-191B-4B55-8A3A-E2571C2B49FF}.Release|Any CPU.ActiveCfg = Release|Any CPU
		{1FCA0A9B-191B-4B55-8A3A-E2571C2B49FF}.Release|Any CPU.Build.0 = Release|Any CPU
	EndGlobalSection
	GlobalSection(SolutionProperties) = preSolution
		HideSolutionNode = FALSE
	EndGlobalSection
EndGlobal
